
Microsoft Visual Studio Solution File, Format Version 12.00
# Visual Studio 15
VisualStudioVersion = 15.0.28307.438
MinimumVisualStudioVersion = 10.0.40219.1
Project("{9A19103F-16F7-4668-BE54-9A1E7A4F7556}") = "ConsoleApp6", "ConsoleApp6\ConsoleApp6.csproj", "{CCA67336-4502-42F5-AC73-3F3A015475C3}"
EndProject
Project("{FAE04EC0-301F-11D3-BF4B-00C04F79EFBC}") = "UnitTestProject2", "UnitTestProject2\UnitTestProject2.csproj", "{4A71892E-16B1-4F90-8FFB-BB9BE3524D16}"
EndProject
Global
	GlobalSection(SolutionConfigurationPlatforms) = preSolution
		Debug|Any CPU = Debug|Any CPU
		Debug|ARM = Debug|ARM
		Debug|ARM64 = Debug|ARM64
		Debug|x64 = Debug|x64
		Debug|x86 = Debug|x86
		Release|Any CPU = Release|Any CPU
		Release|ARM = Release|ARM
		Release|ARM64 = Release|ARM64
		Release|x64 = Release|x64
		Release|x86 = Release|x86
	EndGlobalSection
	GlobalSection(ProjectConfigurationPlatforms) = postSolution
		{CCA67336-4502-42F5-AC73-3F3A015475C3}.Debug|Any CPU.ActiveCfg = Debug|Any CPU
		{CCA67336-4502-42F5-AC73-3F3A015475C3}.Debug|Any CPU.Build.0 = Debug|Any CPU
		{CCA67336-4502-42F5-AC73-3F3A015475C3}.Debug|ARM.ActiveCfg = Debug|Any CPU
		{CCA67336-4502-42F5-AC73-3F3A015475C3}.Debug|ARM.Build.0 = Debug|Any CPU
		{CCA67336-4502-42F5-AC73-3F3A015475C3}.Debug|ARM64.ActiveCfg = Debug|Any CPU
		{CCA67336-4502-42F5-AC73-3F3A015475C3}.Debug|ARM64.Build.0 = Debug|Any CPU
		{CCA67336-4502-42F5-AC73-3F3A015475C3}.Debug|x64.ActiveCfg = Debug|Any CPU
		{CCA67336-4502-42F5-AC73-3F3A015475C3}.Debug|x64.Build.0 = Debug|Any CPU
		{CCA67336-4502-42F5-AC73-3F3A015475C3}.Debug|x86.ActiveCfg = Debug|Any CPU
		{CCA67336-4502-42F5-AC73-3F3A015475C3}.Debug|x86.Build.0 = Debug|Any CPU
		{CCA67336-4502-42F5-AC73-3F3A015475C3}.Release|Any CPU.ActiveCfg = Release|Any CPU
		{CCA67336-4502-42F5-AC73-3F3A015475C3}.Release|Any CPU.Build.0 = Release|Any CPU
		{CCA67336-4502-42F5-AC73-3F3A015475C3}.Release|ARM.ActiveCfg = Release|Any CPU
		{CCA67336-4502-42F5-AC73-3F3A015475C3}.Release|ARM.Build.0 = Release|Any CPU
		{CCA67336-4502-42F5-AC73-3F3A015475C3}.Release|ARM64.ActiveCfg = Release|Any CPU
		{CCA67336-4502-42F5-AC73-3F3A015475C3}.Release|ARM64.Build.0 = Release|Any CPU
		{CCA67336-4502-42F5-AC73-3F3A015475C3}.Release|x64.ActiveCfg = Release|Any CPU
		{CCA67336-4502-42F5-AC73-3F3A015475C3}.Release|x64.Build.0 = Release|Any CPU
		{CCA67336-4502-42F5-AC73-3F3A015475C3}.Release|x86.ActiveCfg = Release|Any CPU
		{CCA67336-4502-42F5-AC73-3F3A015475C3}.Release|x86.Build.0 = Release|Any CPU
		{4A71892E-16B1-4F90-8FFB-BB9BE3524D16}.Debug|Any CPU.ActiveCfg = Debug|Any CPU
		{4A71892E-16B1-4F90-8FFB-BB9BE3524D16}.Debug|Any CPU.Build.0 = Debug|Any CPU
		{4A71892E-16B1-4F90-8FFB-BB9BE3524D16}.Debug|ARM.ActiveCfg = Debug|Any CPU
		{4A71892E-16B1-4F90-8FFB-BB9BE3524D16}.Debug|ARM.Build.0 = Debug|Any CPU
		{4A71892E-16B1-4F90-8FFB-BB9BE3524D16}.Debug|ARM64.ActiveCfg = Debug|Any CPU
		{4A71892E-16B1-4F90-8FFB-BB9BE3524D16}.Debug|ARM64.Build.0 = Debug|Any CPU
		{4A71892E-16B1-4F90-8FFB-BB9BE3524D16}.Debug|x64.ActiveCfg = Debug|Any CPU
		{4A71892E-16B1-4F90-8FFB-BB9BE3524D16}.Debug|x64.Build.0 = Debug|Any CPU
		{4A71892E-16B1-4F90-8FFB-BB9BE3524D16}.Debug|x86.ActiveCfg = Debug|Any CPU
		{4A71892E-16B1-4F90-8FFB-BB9BE3524D16}.Debug|x86.Build.0 = Debug|Any CPU
		{4A71892E-16B1-4F90-8FFB-BB9BE3524D16}.Release|Any CPU.ActiveCfg = Release|Any CPU
		{4A71892E-16B1-4F90-8FFB-BB9BE3524D16}.Release|Any CPU.Build.0 = Release|Any CPU
		{4A71892E-16B1-4F90-8FFB-BB9BE3524D16}.Release|ARM.ActiveCfg = Release|Any CPU
		{4A71892E-16B1-4F90-8FFB-BB9BE3524D16}.Release|ARM.Build.0 = Release|Any CPU
		{4A71892E-16B1-4F90-8FFB-BB9BE3524D16}.Release|ARM64.ActiveCfg = Release|Any CPU
		{4A71892E-16B1-4F90-8FFB-BB9BE3524D16}.Release|ARM64.Build.0 = Release|Any CPU
		{4A71892E-16B1-4F90-8FFB-BB9BE3524D16}.Release|x64.ActiveCfg = Release|Any CPU
		{4A71892E-16B1-4F90-8FFB-BB9BE3524D16}.Release|x64.Build.0 = Release|Any CPU
		{4A71892E-16B1-4F90-8FFB-BB9BE3524D16}.Release|x86.ActiveCfg = Release|Any CPU
		{4A71892E-16B1-4F90-8FFB-BB9BE3524D16}.Release|x86.Build.0 = Release|Any CPU
	EndGlobalSection
	GlobalSection(SolutionProperties) = preSolution
		HideSolutionNode = FALSE
	EndGlobalSection
	GlobalSection(ExtensibilityGlobals) = postSolution
		SolutionGuid = {6867CB16-51C6-49C8-A801-2F2EC011FEE2}
	EndGlobalSection
EndGlobal
